
Microsoft Visual Studio Solution File, Format Version 12.00
# Visual Studio Version 17
VisualStudioVersion = 17.8.34309.116
MinimumVisualStudioVersion = 10.0.40219.1
Project("{2150E333-8FDC-42A3-9474-1A3956D46DE8}") = "Day1", "Day1", "{4CED6383-1542-4962-ADBA-52C66AF7739B}"
EndProject
Project("{9A19103F-16F7-4668-BE54-9A1E7A4F7556}") = "Trebuchet", "Trebuchet\Trebuchet.csproj", "{8C241236-6F04-45BA-BECE-BBE7B282C632}"
EndProject
Project("{2150E333-8FDC-42A3-9474-1A3956D46DE8}") = "Day2", "Day2", "{3C0D4AA3-F969-49A3-894E-941B3C8040BC}"
EndProject
Project("{9A19103F-16F7-4668-BE54-9A1E7A4F7556}") = "CubeConundrum", "CubeConundrum\CubeConundrum.csproj", "{66760D97-CB94-4251-AB27-0E8F44DE4B9A}"
EndProject
Project("{2150E333-8FDC-42A3-9474-1A3956D46DE8}") = "Day3", "Day3", "{5E160E6B-B584-4665-A312-67F59BA5742F}"
EndProject
Project("{9A19103F-16F7-4668-BE54-9A1E7A4F7556}") = "GearRatios", "GearRatios\GearRatios.csproj", "{267B7711-E678-43C7-9129-1EDE6D4A979F}"
EndProject
Project("{2150E333-8FDC-42A3-9474-1A3956D46DE8}") = "Day4", "Day4", "{03491246-2C41-45CD-B563-B6787E9F5B52}"
EndProject
Project("{9A19103F-16F7-4668-BE54-9A1E7A4F7556}") = "Scratchcards", "Scratchcards\Scratchcards.csproj", "{A95F2CC8-BC55-4877-9D0E-28835CA48138}"
EndProject
Project("{2150E333-8FDC-42A3-9474-1A3956D46DE8}") = "Day5", "Day5", "{7864860F-1DCD-48CA-81BB-94742D561977}"
EndProject
Project("{9A19103F-16F7-4668-BE54-9A1E7A4F7556}") = "IfYouGiveASeedAFertilizer", "IfYouGiveASeedAFertilizer\IfYouGiveASeedAFertilizer.csproj", "{27EE1AED-F873-42CD-8E10-03412CC8E06C}"
EndProject
Project("{2150E333-8FDC-42A3-9474-1A3956D46DE8}") = "Day6", "Day6", "{FF86C349-FF1F-4E25-9215-E381F731C3EE}"
EndProject
Project("{9A19103F-16F7-4668-BE54-9A1E7A4F7556}") = "WaitForIt", "WaitForIt\WaitForIt.csproj", "{355E4D36-126C-4A89-967B-C476839F0BBB}"
EndProject
Project("{2150E333-8FDC-42A3-9474-1A3956D46DE8}") = "Day7", "Day7", "{C5BB3BEF-9148-4EB6-9CDB-2B32A4F6474B}"
EndProject
Project("{9A19103F-16F7-4668-BE54-9A1E7A4F7556}") = "CamelCards", "CamelCards\CamelCards.csproj", "{4B2B11E3-F4B5-4095-88D5-944A8C456FCC}"
EndProject
Project("{2150E333-8FDC-42A3-9474-1A3956D46DE8}") = "Day8", "Day8", "{FFE17235-540C-46F7-9DC8-24CD3BD0B45F}"
EndProject
Project("{FAE04EC0-301F-11D3-BF4B-00C04F79EFBC}") = "HauntedWasteland", "HauntedWasteland\HauntedWasteland.csproj", "{971F2712-9623-48F8-8155-088449FAD2BA}"
EndProject
Project("{2150E333-8FDC-42A3-9474-1A3956D46DE8}") = "Day9", "Day9", "{2F12AAFE-D6AF-42F0-81AC-0D67CF695A77}"
EndProject
Project("{FAE04EC0-301F-11D3-BF4B-00C04F79EFBC}") = "MirageMaintenance", "MirageMaintenance\MirageMaintenance.csproj", "{E267BEF5-B824-40B7-AE38-38E3384F31E1}"
EndProject
Project("{2150E333-8FDC-42A3-9474-1A3956D46DE8}") = "Day10", "Day10", "{885E66CE-FBAE-41E6-B2A9-37DD7B27BFAD}"
EndProject
Project("{FAE04EC0-301F-11D3-BF4B-00C04F79EFBC}") = "PipeMazePart1", "PipeMaze\PipeMazePart1.csproj", "{5B80E19F-D09F-4CA1-9180-1E10327EA169}"
EndProject
Project("{FAE04EC0-301F-11D3-BF4B-00C04F79EFBC}") = "PipeMazePart2", "Part2\PipeMazePart2.csproj", "{0B637EAE-919B-4805-B2CD-0C7C598B7F73}"
EndProject
Project("{2150E333-8FDC-42A3-9474-1A3956D46DE8}") = "Day11", "Day11", "{BD6003BB-7564-405B-B4C3-2670416EE50B}"
EndProject
Project("{FAE04EC0-301F-11D3-BF4B-00C04F79EFBC}") = "CosmicExpansion", "CosmicExpansion\CosmicExpansion.csproj", "{98BCFB1C-717C-4CD8-BC46-CAC914EDA1BA}"
EndProject
Project("{2150E333-8FDC-42A3-9474-1A3956D46DE8}") = "Day12", "Day12", "{D45CB744-0279-40F3-B6E3-4C113643EC88}"
EndProject
Project("{FAE04EC0-301F-11D3-BF4B-00C04F79EFBC}") = "HotSprings", "HotSprings\HotSprings.csproj", "{98025EE4-A754-4A15-8D3A-44EC4EE3E2A7}"
EndProject
Global
	GlobalSection(SolutionConfigurationPlatforms) = preSolution
		Debug|Any CPU = Debug|Any CPU
		Release|Any CPU = Release|Any CPU
	EndGlobalSection
	GlobalSection(ProjectConfigurationPlatforms) = postSolution
		{8C241236-6F04-45BA-BECE-BBE7B282C632}.Debug|Any CPU.ActiveCfg = Debug|Any CPU
		{8C241236-6F04-45BA-BECE-BBE7B282C632}.Debug|Any CPU.Build.0 = Debug|Any CPU
		{8C241236-6F04-45BA-BECE-BBE7B282C632}.Release|Any CPU.ActiveCfg = Release|Any CPU
		{8C241236-6F04-45BA-BECE-BBE7B282C632}.Release|Any CPU.Build.0 = Release|Any CPU
		{66760D97-CB94-4251-AB27-0E8F44DE4B9A}.Debug|Any CPU.ActiveCfg = Debug|Any CPU
		{66760D97-CB94-4251-AB27-0E8F44DE4B9A}.Debug|Any CPU.Build.0 = Debug|Any CPU
		{66760D97-CB94-4251-AB27-0E8F44DE4B9A}.Release|Any CPU.ActiveCfg = Release|Any CPU
		{66760D97-CB94-4251-AB27-0E8F44DE4B9A}.Release|Any CPU.Build.0 = Release|Any CPU
		{267B7711-E678-43C7-9129-1EDE6D4A979F}.Debug|Any CPU.ActiveCfg = Debug|Any CPU
		{267B7711-E678-43C7-9129-1EDE6D4A979F}.Debug|Any CPU.Build.0 = Debug|Any CPU
		{267B7711-E678-43C7-9129-1EDE6D4A979F}.Release|Any CPU.ActiveCfg = Release|Any CPU
		{267B7711-E678-43C7-9129-1EDE6D4A979F}.Release|Any CPU.Build.0 = Release|Any CPU
		{A95F2CC8-BC55-4877-9D0E-28835CA48138}.Debug|Any CPU.ActiveCfg = Debug|Any CPU
		{A95F2CC8-BC55-4877-9D0E-28835CA48138}.Debug|Any CPU.Build.0 = Debug|Any CPU
		{A95F2CC8-BC55-4877-9D0E-28835CA48138}.Release|Any CPU.ActiveCfg = Release|Any CPU
		{A95F2CC8-BC55-4877-9D0E-28835CA48138}.Release|Any CPU.Build.0 = Release|Any CPU
		{27EE1AED-F873-42CD-8E10-03412CC8E06C}.Debug|Any CPU.ActiveCfg = Debug|Any CPU
		{27EE1AED-F873-42CD-8E10-03412CC8E06C}.Debug|Any CPU.Build.0 = Debug|Any CPU
		{27EE1AED-F873-42CD-8E10-03412CC8E06C}.Release|Any CPU.ActiveCfg = Release|Any CPU
		{27EE1AED-F873-42CD-8E10-03412CC8E06C}.Release|Any CPU.Build.0 = Release|Any CPU
		{355E4D36-126C-4A89-967B-C476839F0BBB}.Debug|Any CPU.ActiveCfg = Debug|Any CPU
		{355E4D36-126C-4A89-967B-C476839F0BBB}.Debug|Any CPU.Build.0 = Debug|Any CPU
		{355E4D36-126C-4A89-967B-C476839F0BBB}.Release|Any CPU.ActiveCfg = Release|Any CPU
		{355E4D36-126C-4A89-967B-C476839F0BBB}.Release|Any CPU.Build.0 = Release|Any CPU
		{4B2B11E3-F4B5-4095-88D5-944A8C456FCC}.Debug|Any CPU.ActiveCfg = Debug|Any CPU
		{4B2B11E3-F4B5-4095-88D5-944A8C456FCC}.Debug|Any CPU.Build.0 = Debug|Any CPU
		{4B2B11E3-F4B5-4095-88D5-944A8C456FCC}.Release|Any CPU.ActiveCfg = Release|Any CPU
		{4B2B11E3-F4B5-4095-88D5-944A8C456FCC}.Release|Any CPU.Build.0 = Release|Any CPU
		{971F2712-9623-48F8-8155-088449FAD2BA}.Debug|Any CPU.ActiveCfg = Debug|Any CPU
		{971F2712-9623-48F8-8155-088449FAD2BA}.Debug|Any CPU.Build.0 = Debug|Any CPU
		{971F2712-9623-48F8-8155-088449FAD2BA}.Release|Any CPU.ActiveCfg = Release|Any CPU
		{971F2712-9623-48F8-8155-088449FAD2BA}.Release|Any CPU.Build.0 = Release|Any CPU
		{E267BEF5-B824-40B7-AE38-38E3384F31E1}.Debug|Any CPU.ActiveCfg = Debug|Any CPU
		{E267BEF5-B824-40B7-AE38-38E3384F31E1}.Debug|Any CPU.Build.0 = Debug|Any CPU
		{E267BEF5-B824-40B7-AE38-38E3384F31E1}.Release|Any CPU.ActiveCfg = Release|Any CPU
		{E267BEF5-B824-40B7-AE38-38E3384F31E1}.Release|Any CPU.Build.0 = Release|Any CPU
		{5B80E19F-D09F-4CA1-9180-1E10327EA169}.Debug|Any CPU.ActiveCfg = Debug|Any CPU
		{5B80E19F-D09F-4CA1-9180-1E10327EA169}.Debug|Any CPU.Build.0 = Debug|Any CPU
		{5B80E19F-D09F-4CA1-9180-1E10327EA169}.Release|Any CPU.ActiveCfg = Release|Any CPU
		{5B80E19F-D09F-4CA1-9180-1E10327EA169}.Release|Any CPU.Build.0 = Release|Any CPU
		{0B637EAE-919B-4805-B2CD-0C7C598B7F73}.Debug|Any CPU.ActiveCfg = Debug|Any CPU
		{0B637EAE-919B-4805-B2CD-0C7C598B7F73}.Debug|Any CPU.Build.0 = Debug|Any CPU
		{0B637EAE-919B-4805-B2CD-0C7C598B7F73}.Release|Any CPU.ActiveCfg = Release|Any CPU
		{0B637EAE-919B-4805-B2CD-0C7C598B7F73}.Release|Any CPU.Build.0 = Release|Any CPU
		{98BCFB1C-717C-4CD8-BC46-CAC914EDA1BA}.Debug|Any CPU.ActiveCfg = Debug|Any CPU
		{98BCFB1C-717C-4CD8-BC46-CAC914EDA1BA}.Debug|Any CPU.Build.0 = Debug|Any CPU
		{98BCFB1C-717C-4CD8-BC46-CAC914EDA1BA}.Release|Any CPU.ActiveCfg = Release|Any CPU
		{98BCFB1C-717C-4CD8-BC46-CAC914EDA1BA}.Release|Any CPU.Build.0 = Release|Any CPU
		{98025EE4-A754-4A15-8D3A-44EC4EE3E2A7}.Debug|Any CPU.ActiveCfg = Debug|Any CPU
		{98025EE4-A754-4A15-8D3A-44EC4EE3E2A7}.Debug|Any CPU.Build.0 = Debug|Any CPU
		{98025EE4-A754-4A15-8D3A-44EC4EE3E2A7}.Release|Any CPU.ActiveCfg = Release|Any CPU
		{98025EE4-A754-4A15-8D3A-44EC4EE3E2A7}.Release|Any CPU.Build.0 = Release|Any CPU
	EndGlobalSection
	GlobalSection(SolutionProperties) = preSolution
		HideSolutionNode = FALSE
	EndGlobalSection
	GlobalSection(NestedProjects) = preSolution
		{8C241236-6F04-45BA-BECE-BBE7B282C632} = {4CED6383-1542-4962-ADBA-52C66AF7739B}
		{66760D97-CB94-4251-AB27-0E8F44DE4B9A} = {3C0D4AA3-F969-49A3-894E-941B3C8040BC}
		{267B7711-E678-43C7-9129-1EDE6D4A979F} = {5E160E6B-B584-4665-A312-67F59BA5742F}
		{A95F2CC8-BC55-4877-9D0E-28835CA48138} = {03491246-2C41-45CD-B563-B6787E9F5B52}
		{27EE1AED-F873-42CD-8E10-03412CC8E06C} = {7864860F-1DCD-48CA-81BB-94742D561977}
		{355E4D36-126C-4A89-967B-C476839F0BBB} = {FF86C349-FF1F-4E25-9215-E381F731C3EE}
		{4B2B11E3-F4B5-4095-88D5-944A8C456FCC} = {C5BB3BEF-9148-4EB6-9CDB-2B32A4F6474B}
		{971F2712-9623-48F8-8155-088449FAD2BA} = {FFE17235-540C-46F7-9DC8-24CD3BD0B45F}
		{E267BEF5-B824-40B7-AE38-38E3384F31E1} = {2F12AAFE-D6AF-42F0-81AC-0D67CF695A77}
		{5B80E19F-D09F-4CA1-9180-1E10327EA169} = {885E66CE-FBAE-41E6-B2A9-37DD7B27BFAD}
		{0B637EAE-919B-4805-B2CD-0C7C598B7F73} = {885E66CE-FBAE-41E6-B2A9-37DD7B27BFAD}
		{98BCFB1C-717C-4CD8-BC46-CAC914EDA1BA} = {BD6003BB-7564-405B-B4C3-2670416EE50B}
		{98025EE4-A754-4A15-8D3A-44EC4EE3E2A7} = {D45CB744-0279-40F3-B6E3-4C113643EC88}
	EndGlobalSection
	GlobalSection(ExtensibilityGlobals) = postSolution
		SolutionGuid = {0D8CAFFE-A1C4-4A75-9D00-CC21D310D111}
	EndGlobalSection
EndGlobal
